
Microsoft Visual Studio Solution File, Format Version 12.00
# Visual Studio Version 17
VisualStudioVersion = 17.12.35521.163
MinimumVisualStudioVersion = 10.0.40219.1
Project("{FAE04EC0-301F-11D3-BF4B-00C04F79EFBC}") = "PointsOfInterest", "PointsOfInterest\PointsOfInterest.csproj", "{155271B5-F197-4530-9033-8C93CE41048A}"
EndProject
Project("{FAE04EC0-301F-11D3-BF4B-00C04F79EFBC}") = "Domain", "Domain\Domain.csproj", "{73CC529D-3FC0-44A5-932E-98121E1A8C61}"
EndProject
Project("{FAE04EC0-301F-11D3-BF4B-00C04F79EFBC}") = "Application", "Application\Application.csproj", "{450ABF01-ED39-44A3-B505-652AEA679CB5}"
EndProject
Global
	GlobalSection(SolutionConfigurationPlatforms) = preSolution
		Debug|Any CPU = Debug|Any CPU
		Release|Any CPU = Release|Any CPU
	EndGlobalSection
	GlobalSection(ProjectConfigurationPlatforms) = postSolution
		{155271B5-F197-4530-9033-8C93CE41048A}.Debug|Any CPU.ActiveCfg = Debug|Any CPU
		{155271B5-F197-4530-9033-8C93CE41048A}.Debug|Any CPU.Build.0 = Debug|Any CPU
		{155271B5-F197-4530-9033-8C93CE41048A}.Release|Any CPU.ActiveCfg = Release|Any CPU
		{155271B5-F197-4530-9033-8C93CE41048A}.Release|Any CPU.Build.0 = Release|Any CPU
		{73CC529D-3FC0-44A5-932E-98121E1A8C61}.Debug|Any CPU.ActiveCfg = Debug|Any CPU
		{73CC529D-3FC0-44A5-932E-98121E1A8C61}.Debug|Any CPU.Build.0 = Debug|Any CPU
		{73CC529D-3FC0-44A5-932E-98121E1A8C61}.Release|Any CPU.ActiveCfg = Release|Any CPU
		{73CC529D-3FC0-44A5-932E-98121E1A8C61}.Release|Any CPU.Build.0 = Release|Any CPU
		{450ABF01-ED39-44A3-B505-652AEA679CB5}.Debug|Any CPU.ActiveCfg = Debug|Any CPU
		{450ABF01-ED39-44A3-B505-652AEA679CB5}.Debug|Any CPU.Build.0 = Debug|Any CPU
		{450ABF01-ED39-44A3-B505-652AEA679CB5}.Release|Any CPU.ActiveCfg = Release|Any CPU
		{450ABF01-ED39-44A3-B505-652AEA679CB5}.Release|Any CPU.Build.0 = Release|Any CPU
	EndGlobalSection
	GlobalSection(SolutionProperties) = preSolution
		HideSolutionNode = FALSE
	EndGlobalSection
EndGlobal
